
Microsoft Visual Studio Solution File, Format Version 12.00
# Visual Studio Version 17
VisualStudioVersion = 17.11.35312.102
MinimumVisualStudioVersion = 10.0.40219.1
Project("{FAE04EC0-301F-11D3-BF4B-00C04F79EFBC}") = "bts", "bts\bts.csproj", "{1846E8EE-4A00-418E-A406-6FB06E8C7C34}"
EndProject
Global
	GlobalSection(SolutionConfigurationPlatforms) = preSolution
		Debug|Any CPU = Debug|Any CPU
		Release|Any CPU = Release|Any CPU
	EndGlobalSection
	GlobalSection(ProjectConfigurationPlatforms) = postSolution
		{1846E8EE-4A00-418E-A406-6FB06E8C7C34}.Debug|Any CPU.ActiveCfg = Debug|Any CPU
		{1846E8EE-4A00-418E-A406-6FB06E8C7C34}.Debug|Any CPU.Build.0 = Debug|Any CPU
		{1846E8EE-4A00-418E-A406-6FB06E8C7C34}.Release|Any CPU.ActiveCfg = Release|Any CPU
		{1846E8EE-4A00-418E-A406-6FB06E8C7C34}.Release|Any CPU.Build.0 = Release|Any CPU
	EndGlobalSection
	GlobalSection(SolutionProperties) = preSolution
		HideSolutionNode = FALSE
	EndGlobalSection
	GlobalSection(ExtensibilityGlobals) = postSolution
		SolutionGuid = {8A2C8762-4BC3-4B8E-8970-CA32D1D03EA6}
	EndGlobalSection
EndGlobal
